
Microsoft Visual Studio Solution File, Format Version 12.00
# Visual Studio Version 17
VisualStudioVersion = 17.3.32804.467
MinimumVisualStudioVersion = 10.0.40219.1
Project("{FAE04EC0-301F-11D3-BF4B-00C04F79EFBC}") = "CarteTresors", "CarteTresors\CarteTresors.csproj", "{53CEF123-F82E-4AC9-B0E3-6518E3A57674}"
EndProject
Project("{FAE04EC0-301F-11D3-BF4B-00C04F79EFBC}") = "CarteTest", "CarteTest\CarteTest.csproj", "{F767C4A0-4217-4E7C-8C8E-AA141C622D34}"
EndProject
Global
	GlobalSection(SolutionConfigurationPlatforms) = preSolution
		Debug|Any CPU = Debug|Any CPU
		Release|Any CPU = Release|Any CPU
	EndGlobalSection
	GlobalSection(ProjectConfigurationPlatforms) = postSolution
		{53CEF123-F82E-4AC9-B0E3-6518E3A57674}.Debug|Any CPU.ActiveCfg = Debug|Any CPU
		{53CEF123-F82E-4AC9-B0E3-6518E3A57674}.Debug|Any CPU.Build.0 = Debug|Any CPU
		{53CEF123-F82E-4AC9-B0E3-6518E3A57674}.Release|Any CPU.ActiveCfg = Release|Any CPU
		{53CEF123-F82E-4AC9-B0E3-6518E3A57674}.Release|Any CPU.Build.0 = Release|Any CPU
		{F767C4A0-4217-4E7C-8C8E-AA141C622D34}.Debug|Any CPU.ActiveCfg = Debug|Any CPU
		{F767C4A0-4217-4E7C-8C8E-AA141C622D34}.Debug|Any CPU.Build.0 = Debug|Any CPU
		{F767C4A0-4217-4E7C-8C8E-AA141C622D34}.Release|Any CPU.ActiveCfg = Release|Any CPU
		{F767C4A0-4217-4E7C-8C8E-AA141C622D34}.Release|Any CPU.Build.0 = Release|Any CPU
	EndGlobalSection
	GlobalSection(SolutionProperties) = preSolution
		HideSolutionNode = FALSE
	EndGlobalSection
	GlobalSection(ExtensibilityGlobals) = postSolution
		SolutionGuid = {FFA65716-652B-4128-BD23-F12A83CBA953}
	EndGlobalSection
EndGlobal
